
Microsoft Visual Studio Solution File, Format Version 12.00
# Visual Studio Version 16
VisualStudioVersion = 16.0.30804.86
MinimumVisualStudioVersion = 10.0.40219.1
Project("{FAE04EC0-301F-11D3-BF4B-00C04F79EFBC}") = "Gerador.Core", "Gerador.Core\Gerador.Core.csproj", "{D95B6B4A-26B2-433F-99C1-375A05AE4D92}"
EndProject
Project("{FAE04EC0-301F-11D3-BF4B-00C04F79EFBC}") = "Gerador.Winforms", "Gerador.Winforms\Gerador.Winforms.csproj", "{B2F95805-97C6-4EEB-A77B-11606792EC75}"
EndProject
Global
	GlobalSection(SolutionConfigurationPlatforms) = preSolution
		Debug|Any CPU = Debug|Any CPU
		Release|Any CPU = Release|Any CPU
	EndGlobalSection
	GlobalSection(ProjectConfigurationPlatforms) = postSolution
		{D95B6B4A-26B2-433F-99C1-375A05AE4D92}.Debug|Any CPU.ActiveCfg = Debug|Any CPU
		{D95B6B4A-26B2-433F-99C1-375A05AE4D92}.Debug|Any CPU.Build.0 = Debug|Any CPU
		{D95B6B4A-26B2-433F-99C1-375A05AE4D92}.Release|Any CPU.ActiveCfg = Release|Any CPU
		{D95B6B4A-26B2-433F-99C1-375A05AE4D92}.Release|Any CPU.Build.0 = Release|Any CPU
		{B2F95805-97C6-4EEB-A77B-11606792EC75}.Debug|Any CPU.ActiveCfg = Debug|Any CPU
		{B2F95805-97C6-4EEB-A77B-11606792EC75}.Debug|Any CPU.Build.0 = Debug|Any CPU
		{B2F95805-97C6-4EEB-A77B-11606792EC75}.Release|Any CPU.ActiveCfg = Release|Any CPU
		{B2F95805-97C6-4EEB-A77B-11606792EC75}.Release|Any CPU.Build.0 = Release|Any CPU
	EndGlobalSection
	GlobalSection(SolutionProperties) = preSolution
		HideSolutionNode = FALSE
	EndGlobalSection
	GlobalSection(ExtensibilityGlobals) = postSolution
		SolutionGuid = {AB9AE55C-0839-4584-99FC-57C0E4B4DC7E}
	EndGlobalSection
EndGlobal
